
Microsoft Visual Studio Solution File, Format Version 12.00
# Visual Studio Version 17
VisualStudioVersion = 17.2.32519.379
MinimumVisualStudioVersion = 10.0.40219.1
Project("{9A19103F-16F7-4668-BE54-9A1E7A4F7556}") = "Skmr.Editor.Analyzer", "Skmr.Editor.Analyzer\Skmr.Editor.Analyzer.csproj", "{978A4A0D-F678-4FB7-81AB-14E8A13DC5BE}"
EndProject
Project("{9A19103F-16F7-4668-BE54-9A1E7A4F7556}") = "Skmr.Editor.Director", "Skmr.Editor.Director\Skmr.Editor.Director.csproj", "{9D3C9BC0-D0D1-475A-9309-ED798F4FC809}"
EndProject
Project("{9A19103F-16F7-4668-BE54-9A1E7A4F7556}") = "Skmr.Editor.Images", "Skmr.Editor.Images\Skmr.Editor.Images.csproj", "{EA3F4CD8-0702-4791-83AA-4ABF12C8507F}"
EndProject
Project("{2150E333-8FDC-42A3-9474-1A3956D46DE8}") = "samples", "samples", "{295D9740-8E35-41D8-B8E9-7377041C9B03}"
EndProject
Project("{9A19103F-16F7-4668-BE54-9A1E7A4F7556}") = "image gen", "image gen\image gen.csproj", "{BE3D9134-5CAA-4A11-A283-A4636D553300}"
EndProject
Project("{9A19103F-16F7-4668-BE54-9A1E7A4F7556}") = "Y4MPrinter", "Y4MPrinter\Y4MPrinter.csproj", "{41D16C76-F3DD-43E7-B6C2-2ABA28BD6C4D}"
EndProject
Project("{9A19103F-16F7-4668-BE54-9A1E7A4F7556}") = "Skmr.Editor.Engine", "Skmr.Editor.Engine\Skmr.Editor.Engine.csproj", "{F714E606-39D0-4B60-94EE-B1F56E8B8B89}"
EndProject
Project("{2150E333-8FDC-42A3-9474-1A3956D46DE8}") = "Projektmappenelemente", "Projektmappenelemente", "{F30DC28A-05EF-493A-B214-54996A304672}"
	ProjectSection(SolutionItems) = preProject
		README.md = README.md
	EndProjectSection
EndProject
Project("{8BC9CEB8-8B4A-11D0-8D11-00A0C91BC942}") = "OpenH264Lib", "..\..\OpenH264Lib.NET\OpenH264Lib\OpenH264Lib.vcxproj", "{B4FE105E-C607-40DC-A86B-AED03E14D18D}"
EndProject
Global
	GlobalSection(SolutionConfigurationPlatforms) = preSolution
		Debug|Any CPU = Debug|Any CPU
		Debug|x64 = Debug|x64
		Debug|x86 = Debug|x86
		Release|Any CPU = Release|Any CPU
		Release|x64 = Release|x64
		Release|x86 = Release|x86
	EndGlobalSection
	GlobalSection(ProjectConfigurationPlatforms) = postSolution
		{978A4A0D-F678-4FB7-81AB-14E8A13DC5BE}.Debug|Any CPU.ActiveCfg = Debug|Any CPU
		{978A4A0D-F678-4FB7-81AB-14E8A13DC5BE}.Debug|Any CPU.Build.0 = Debug|Any CPU
		{978A4A0D-F678-4FB7-81AB-14E8A13DC5BE}.Debug|x64.ActiveCfg = Debug|Any CPU
		{978A4A0D-F678-4FB7-81AB-14E8A13DC5BE}.Debug|x64.Build.0 = Debug|Any CPU
		{978A4A0D-F678-4FB7-81AB-14E8A13DC5BE}.Debug|x86.ActiveCfg = Debug|Any CPU
		{978A4A0D-F678-4FB7-81AB-14E8A13DC5BE}.Debug|x86.Build.0 = Debug|Any CPU
		{978A4A0D-F678-4FB7-81AB-14E8A13DC5BE}.Release|Any CPU.ActiveCfg = Release|Any CPU
		{978A4A0D-F678-4FB7-81AB-14E8A13DC5BE}.Release|Any CPU.Build.0 = Release|Any CPU
		{978A4A0D-F678-4FB7-81AB-14E8A13DC5BE}.Release|x64.ActiveCfg = Release|Any CPU
		{978A4A0D-F678-4FB7-81AB-14E8A13DC5BE}.Release|x64.Build.0 = Release|Any CPU
		{978A4A0D-F678-4FB7-81AB-14E8A13DC5BE}.Release|x86.ActiveCfg = Release|Any CPU
		{978A4A0D-F678-4FB7-81AB-14E8A13DC5BE}.Release|x86.Build.0 = Release|Any CPU
		{9D3C9BC0-D0D1-475A-9309-ED798F4FC809}.Debug|Any CPU.ActiveCfg = Debug|Any CPU
		{9D3C9BC0-D0D1-475A-9309-ED798F4FC809}.Debug|Any CPU.Build.0 = Debug|Any CPU
		{9D3C9BC0-D0D1-475A-9309-ED798F4FC809}.Debug|x64.ActiveCfg = Debug|Any CPU
		{9D3C9BC0-D0D1-475A-9309-ED798F4FC809}.Debug|x64.Build.0 = Debug|Any CPU
		{9D3C9BC0-D0D1-475A-9309-ED798F4FC809}.Debug|x86.ActiveCfg = Debug|Any CPU
		{9D3C9BC0-D0D1-475A-9309-ED798F4FC809}.Debug|x86.Build.0 = Debug|Any CPU
		{9D3C9BC0-D0D1-475A-9309-ED798F4FC809}.Release|Any CPU.ActiveCfg = Release|Any CPU
		{9D3C9BC0-D0D1-475A-9309-ED798F4FC809}.Release|Any CPU.Build.0 = Release|Any CPU
		{9D3C9BC0-D0D1-475A-9309-ED798F4FC809}.Release|x64.ActiveCfg = Release|Any CPU
		{9D3C9BC0-D0D1-475A-9309-ED798F4FC809}.Release|x64.Build.0 = Release|Any CPU
		{9D3C9BC0-D0D1-475A-9309-ED798F4FC809}.Release|x86.ActiveCfg = Release|Any CPU
		{9D3C9BC0-D0D1-475A-9309-ED798F4FC809}.Release|x86.Build.0 = Release|Any CPU
		{EA3F4CD8-0702-4791-83AA-4ABF12C8507F}.Debug|Any CPU.ActiveCfg = Debug|Any CPU
		{EA3F4CD8-0702-4791-83AA-4ABF12C8507F}.Debug|Any CPU.Build.0 = Debug|Any CPU
		{EA3F4CD8-0702-4791-83AA-4ABF12C8507F}.Debug|x64.ActiveCfg = Debug|Any CPU
		{EA3F4CD8-0702-4791-83AA-4ABF12C8507F}.Debug|x64.Build.0 = Debug|Any CPU
		{EA3F4CD8-0702-4791-83AA-4ABF12C8507F}.Debug|x86.ActiveCfg = Debug|Any CPU
		{EA3F4CD8-0702-4791-83AA-4ABF12C8507F}.Debug|x86.Build.0 = Debug|Any CPU
		{EA3F4CD8-0702-4791-83AA-4ABF12C8507F}.Release|Any CPU.ActiveCfg = Release|Any CPU
		{EA3F4CD8-0702-4791-83AA-4ABF12C8507F}.Release|Any CPU.Build.0 = Release|Any CPU
		{EA3F4CD8-0702-4791-83AA-4ABF12C8507F}.Release|x64.ActiveCfg = Release|Any CPU
		{EA3F4CD8-0702-4791-83AA-4ABF12C8507F}.Release|x64.Build.0 = Release|Any CPU
		{EA3F4CD8-0702-4791-83AA-4ABF12C8507F}.Release|x86.ActiveCfg = Release|Any CPU
		{EA3F4CD8-0702-4791-83AA-4ABF12C8507F}.Release|x86.Build.0 = Release|Any CPU
		{BE3D9134-5CAA-4A11-A283-A4636D553300}.Debug|Any CPU.ActiveCfg = Debug|Any CPU
		{BE3D9134-5CAA-4A11-A283-A4636D553300}.Debug|Any CPU.Build.0 = Debug|Any CPU
		{BE3D9134-5CAA-4A11-A283-A4636D553300}.Debug|x64.ActiveCfg = Debug|Any CPU
		{BE3D9134-5CAA-4A11-A283-A4636D553300}.Debug|x64.Build.0 = Debug|Any CPU
		{BE3D9134-5CAA-4A11-A283-A4636D553300}.Debug|x86.ActiveCfg = Debug|Any CPU
		{BE3D9134-5CAA-4A11-A283-A4636D553300}.Debug|x86.Build.0 = Debug|Any CPU
		{BE3D9134-5CAA-4A11-A283-A4636D553300}.Release|Any CPU.ActiveCfg = Release|Any CPU
		{BE3D9134-5CAA-4A11-A283-A4636D553300}.Release|Any CPU.Build.0 = Release|Any CPU
		{BE3D9134-5CAA-4A11-A283-A4636D553300}.Release|x64.ActiveCfg = Release|Any CPU
		{BE3D9134-5CAA-4A11-A283-A4636D553300}.Release|x64.Build.0 = Release|Any CPU
		{BE3D9134-5CAA-4A11-A283-A4636D553300}.Release|x86.ActiveCfg = Release|Any CPU
		{BE3D9134-5CAA-4A11-A283-A4636D553300}.Release|x86.Build.0 = Release|Any CPU
		{41D16C76-F3DD-43E7-B6C2-2ABA28BD6C4D}.Debug|Any CPU.ActiveCfg = Debug|Any CPU
		{41D16C76-F3DD-43E7-B6C2-2ABA28BD6C4D}.Debug|Any CPU.Build.0 = Debug|Any CPU
		{41D16C76-F3DD-43E7-B6C2-2ABA28BD6C4D}.Debug|x64.ActiveCfg = Debug|Any CPU
		{41D16C76-F3DD-43E7-B6C2-2ABA28BD6C4D}.Debug|x64.Build.0 = Debug|Any CPU
		{41D16C76-F3DD-43E7-B6C2-2ABA28BD6C4D}.Debug|x86.ActiveCfg = Debug|Any CPU
		{41D16C76-F3DD-43E7-B6C2-2ABA28BD6C4D}.Debug|x86.Build.0 = Debug|Any CPU
		{41D16C76-F3DD-43E7-B6C2-2ABA28BD6C4D}.Release|Any CPU.ActiveCfg = Release|Any CPU
		{41D16C76-F3DD-43E7-B6C2-2ABA28BD6C4D}.Release|Any CPU.Build.0 = Release|Any CPU
		{41D16C76-F3DD-43E7-B6C2-2ABA28BD6C4D}.Release|x64.ActiveCfg = Release|Any CPU
		{41D16C76-F3DD-43E7-B6C2-2ABA28BD6C4D}.Release|x64.Build.0 = Release|Any CPU
		{41D16C76-F3DD-43E7-B6C2-2ABA28BD6C4D}.Release|x86.ActiveCfg = Release|Any CPU
		{41D16C76-F3DD-43E7-B6C2-2ABA28BD6C4D}.Release|x86.Build.0 = Release|Any CPU
		{F714E606-39D0-4B60-94EE-B1F56E8B8B89}.Debug|Any CPU.ActiveCfg = Debug|Any CPU
		{F714E606-39D0-4B60-94EE-B1F56E8B8B89}.Debug|Any CPU.Build.0 = Debug|Any CPU
		{F714E606-39D0-4B60-94EE-B1F56E8B8B89}.Debug|x64.ActiveCfg = Debug|Any CPU
		{F714E606-39D0-4B60-94EE-B1F56E8B8B89}.Debug|x64.Build.0 = Debug|Any CPU
		{F714E606-39D0-4B60-94EE-B1F56E8B8B89}.Debug|x86.ActiveCfg = Debug|Any CPU
		{F714E606-39D0-4B60-94EE-B1F56E8B8B89}.Debug|x86.Build.0 = Debug|Any CPU
		{F714E606-39D0-4B60-94EE-B1F56E8B8B89}.Release|Any CPU.ActiveCfg = Release|Any CPU
		{F714E606-39D0-4B60-94EE-B1F56E8B8B89}.Release|Any CPU.Build.0 = Release|Any CPU
		{F714E606-39D0-4B60-94EE-B1F56E8B8B89}.Release|x64.ActiveCfg = Release|x64
		{F714E606-39D0-4B60-94EE-B1F56E8B8B89}.Release|x64.Build.0 = Release|x64
		{F714E606-39D0-4B60-94EE-B1F56E8B8B89}.Release|x86.ActiveCfg = Release|Any CPU
		{F714E606-39D0-4B60-94EE-B1F56E8B8B89}.Release|x86.Build.0 = Release|Any CPU
		{B4FE105E-C607-40DC-A86B-AED03E14D18D}.Debug|Any CPU.ActiveCfg = Debug|x64
		{B4FE105E-C607-40DC-A86B-AED03E14D18D}.Debug|Any CPU.Build.0 = Debug|x64
		{B4FE105E-C607-40DC-A86B-AED03E14D18D}.Debug|x64.ActiveCfg = Debug|x64
		{B4FE105E-C607-40DC-A86B-AED03E14D18D}.Debug|x64.Build.0 = Debug|x64
		{B4FE105E-C607-40DC-A86B-AED03E14D18D}.Debug|x86.ActiveCfg = Debug|Win32
		{B4FE105E-C607-40DC-A86B-AED03E14D18D}.Debug|x86.Build.0 = Debug|Win32
		{B4FE105E-C607-40DC-A86B-AED03E14D18D}.Release|Any CPU.ActiveCfg = Release|x64
		{B4FE105E-C607-40DC-A86B-AED03E14D18D}.Release|Any CPU.Build.0 = Release|x64
		{B4FE105E-C607-40DC-A86B-AED03E14D18D}.Release|x64.ActiveCfg = Release|x64
		{B4FE105E-C607-40DC-A86B-AED03E14D18D}.Release|x64.Build.0 = Release|x64
		{B4FE105E-C607-40DC-A86B-AED03E14D18D}.Release|x86.ActiveCfg = Release|Win32
		{B4FE105E-C607-40DC-A86B-AED03E14D18D}.Release|x86.Build.0 = Release|Win32
	EndGlobalSection
	GlobalSection(SolutionProperties) = preSolution
		HideSolutionNode = FALSE
	EndGlobalSection
	GlobalSection(NestedProjects) = preSolution
		{BE3D9134-5CAA-4A11-A283-A4636D553300} = {295D9740-8E35-41D8-B8E9-7377041C9B03}
		{41D16C76-F3DD-43E7-B6C2-2ABA28BD6C4D} = {295D9740-8E35-41D8-B8E9-7377041C9B03}
	EndGlobalSection
	GlobalSection(ExtensibilityGlobals) = postSolution
		SolutionGuid = {B50BF087-91A7-48CF-8236-73EEB18812DC}
	EndGlobalSection
EndGlobal
