
Microsoft Visual Studio Solution File, Format Version 12.00
# Visual Studio Version 17
VisualStudioVersion = 17.2.32519.379
MinimumVisualStudioVersion = 10.0.40219.1
Project("{9A19103F-16F7-4668-BE54-9A1E7A4F7556}") = "Skmr.Editor", "Skmr.Editor\Skmr.Editor.csproj", "{AEA7FE04-09E6-4BFE-A106-490928135590}"
EndProject
Project("{9A19103F-16F7-4668-BE54-9A1E7A4F7556}") = "Skmr.Editor.Analyzer", "Skmr.Editor.Analyzer\Skmr.Editor.Analyzer.csproj", "{978A4A0D-F678-4FB7-81AB-14E8A13DC5BE}"
EndProject
Project("{9A19103F-16F7-4668-BE54-9A1E7A4F7556}") = "Skmr.Editor.Director", "Skmr.Editor.Director\Skmr.Editor.Director.csproj", "{9D3C9BC0-D0D1-475A-9309-ED798F4FC809}"
EndProject
Project("{9A19103F-16F7-4668-BE54-9A1E7A4F7556}") = "Skmr.Editor.Images", "Skmr.Editor.Images\Skmr.Editor.Images.csproj", "{EA3F4CD8-0702-4791-83AA-4ABF12C8507F}"
EndProject
Project("{2150E333-8FDC-42A3-9474-1A3956D46DE8}") = "samples", "samples", "{295D9740-8E35-41D8-B8E9-7377041C9B03}"
EndProject
Project("{9A19103F-16F7-4668-BE54-9A1E7A4F7556}") = "image gen", "image gen\image gen.csproj", "{BE3D9134-5CAA-4A11-A283-A4636D553300}"
EndProject
Project("{FAE04EC0-301F-11D3-BF4B-00C04F79EFBC}") = "Y4MPrinter", "Y4MPrinter\Y4MPrinter.csproj", "{41D16C76-F3DD-43E7-B6C2-2ABA28BD6C4D}"
EndProject
Global
	GlobalSection(SolutionConfigurationPlatforms) = preSolution
		Debug|Any CPU = Debug|Any CPU
		Release|Any CPU = Release|Any CPU
	EndGlobalSection
	GlobalSection(ProjectConfigurationPlatforms) = postSolution
		{AEA7FE04-09E6-4BFE-A106-490928135590}.Debug|Any CPU.ActiveCfg = Debug|Any CPU
		{AEA7FE04-09E6-4BFE-A106-490928135590}.Debug|Any CPU.Build.0 = Debug|Any CPU
		{AEA7FE04-09E6-4BFE-A106-490928135590}.Release|Any CPU.ActiveCfg = Release|Any CPU
		{AEA7FE04-09E6-4BFE-A106-490928135590}.Release|Any CPU.Build.0 = Release|Any CPU
		{978A4A0D-F678-4FB7-81AB-14E8A13DC5BE}.Debug|Any CPU.ActiveCfg = Debug|Any CPU
		{978A4A0D-F678-4FB7-81AB-14E8A13DC5BE}.Debug|Any CPU.Build.0 = Debug|Any CPU
		{978A4A0D-F678-4FB7-81AB-14E8A13DC5BE}.Release|Any CPU.ActiveCfg = Release|Any CPU
		{978A4A0D-F678-4FB7-81AB-14E8A13DC5BE}.Release|Any CPU.Build.0 = Release|Any CPU
		{9D3C9BC0-D0D1-475A-9309-ED798F4FC809}.Debug|Any CPU.ActiveCfg = Debug|Any CPU
		{9D3C9BC0-D0D1-475A-9309-ED798F4FC809}.Debug|Any CPU.Build.0 = Debug|Any CPU
		{9D3C9BC0-D0D1-475A-9309-ED798F4FC809}.Release|Any CPU.ActiveCfg = Release|Any CPU
		{9D3C9BC0-D0D1-475A-9309-ED798F4FC809}.Release|Any CPU.Build.0 = Release|Any CPU
		{EA3F4CD8-0702-4791-83AA-4ABF12C8507F}.Debug|Any CPU.ActiveCfg = Debug|Any CPU
		{EA3F4CD8-0702-4791-83AA-4ABF12C8507F}.Debug|Any CPU.Build.0 = Debug|Any CPU
		{EA3F4CD8-0702-4791-83AA-4ABF12C8507F}.Release|Any CPU.ActiveCfg = Release|Any CPU
		{EA3F4CD8-0702-4791-83AA-4ABF12C8507F}.Release|Any CPU.Build.0 = Release|Any CPU
		{BE3D9134-5CAA-4A11-A283-A4636D553300}.Debug|Any CPU.ActiveCfg = Debug|Any CPU
		{BE3D9134-5CAA-4A11-A283-A4636D553300}.Debug|Any CPU.Build.0 = Debug|Any CPU
		{BE3D9134-5CAA-4A11-A283-A4636D553300}.Release|Any CPU.ActiveCfg = Release|Any CPU
		{BE3D9134-5CAA-4A11-A283-A4636D553300}.Release|Any CPU.Build.0 = Release|Any CPU
		{41D16C76-F3DD-43E7-B6C2-2ABA28BD6C4D}.Debug|Any CPU.ActiveCfg = Debug|Any CPU
		{41D16C76-F3DD-43E7-B6C2-2ABA28BD6C4D}.Debug|Any CPU.Build.0 = Debug|Any CPU
		{41D16C76-F3DD-43E7-B6C2-2ABA28BD6C4D}.Release|Any CPU.ActiveCfg = Release|Any CPU
		{41D16C76-F3DD-43E7-B6C2-2ABA28BD6C4D}.Release|Any CPU.Build.0 = Release|Any CPU
	EndGlobalSection
	GlobalSection(SolutionProperties) = preSolution
		HideSolutionNode = FALSE
	EndGlobalSection
	GlobalSection(NestedProjects) = preSolution
		{BE3D9134-5CAA-4A11-A283-A4636D553300} = {295D9740-8E35-41D8-B8E9-7377041C9B03}
		{41D16C76-F3DD-43E7-B6C2-2ABA28BD6C4D} = {295D9740-8E35-41D8-B8E9-7377041C9B03}
	EndGlobalSection
	GlobalSection(ExtensibilityGlobals) = postSolution
		SolutionGuid = {B50BF087-91A7-48CF-8236-73EEB18812DC}
	EndGlobalSection
EndGlobal
